
Microsoft Visual Studio Solution File, Format Version 12.00
# Visual Studio 14
VisualStudioVersion = 14.0.25420.1
MinimumVisualStudioVersion = 10.0.40219.1
Project("{FAE04EC0-301F-11D3-BF4B-00C04F79EFBC}") = "1CountRealNumbers", "1CountRealNumbers\1CountRealNumbers.csproj", "{7900D4D7-4E93-419B-A90E-D45B1A643230}"
EndProject
Project("{FAE04EC0-301F-11D3-BF4B-00C04F79EFBC}") = "2OddOccurrences", "2OddOccurrences\2OddOccurrences.csproj", "{8B28D519-941F-4472-A604-0F549A6FF64B}"
EndProject
Project("{FAE04EC0-301F-11D3-BF4B-00C04F79EFBC}") = "3SumMinMaxAverage", "3SumMinMaxAverage\3SumMinMaxAverage.csproj", "{737D1F4F-E9AA-49FD-A9F0-1FE29986A5FB}"
EndProject
Project("{FAE04EC0-301F-11D3-BF4B-00C04F79EFBC}") = "4Largest3Numbers", "4Largest3Numbers\4Largest3Numbers.csproj", "{93C220D4-DA15-45A5-8348-AAE4DE9043F6}"
EndProject
Project("{FAE04EC0-301F-11D3-BF4B-00C04F79EFBC}") = "5ShortWordsSorted", "5ShortWordsSorted\5ShortWordsSorted.csproj", "{2D634852-680E-4F38-B714-2F9D4BC5CC4D}"
EndProject
Project("{FAE04EC0-301F-11D3-BF4B-00C04F79EFBC}") = "6FoldandSum", "6FoldandSum\6FoldandSum.csproj", "{1DAECC07-5207-4F58-9090-5140A04ABF82}"
EndProject
Global
	GlobalSection(SolutionConfigurationPlatforms) = preSolution
		Debug|Any CPU = Debug|Any CPU
		Release|Any CPU = Release|Any CPU
	EndGlobalSection
	GlobalSection(ProjectConfigurationPlatforms) = postSolution
		{7900D4D7-4E93-419B-A90E-D45B1A643230}.Debug|Any CPU.ActiveCfg = Debug|Any CPU
		{7900D4D7-4E93-419B-A90E-D45B1A643230}.Debug|Any CPU.Build.0 = Debug|Any CPU
		{7900D4D7-4E93-419B-A90E-D45B1A643230}.Release|Any CPU.ActiveCfg = Release|Any CPU
		{7900D4D7-4E93-419B-A90E-D45B1A643230}.Release|Any CPU.Build.0 = Release|Any CPU
		{8B28D519-941F-4472-A604-0F549A6FF64B}.Debug|Any CPU.ActiveCfg = Debug|Any CPU
		{8B28D519-941F-4472-A604-0F549A6FF64B}.Debug|Any CPU.Build.0 = Debug|Any CPU
		{8B28D519-941F-4472-A604-0F549A6FF64B}.Release|Any CPU.ActiveCfg = Release|Any CPU
		{8B28D519-941F-4472-A604-0F549A6FF64B}.Release|Any CPU.Build.0 = Release|Any CPU
		{737D1F4F-E9AA-49FD-A9F0-1FE29986A5FB}.Debug|Any CPU.ActiveCfg = Debug|Any CPU
		{737D1F4F-E9AA-49FD-A9F0-1FE29986A5FB}.Debug|Any CPU.Build.0 = Debug|Any CPU
		{737D1F4F-E9AA-49FD-A9F0-1FE29986A5FB}.Release|Any CPU.ActiveCfg = Release|Any CPU
		{737D1F4F-E9AA-49FD-A9F0-1FE29986A5FB}.Release|Any CPU.Build.0 = Release|Any CPU
		{93C220D4-DA15-45A5-8348-AAE4DE9043F6}.Debug|Any CPU.ActiveCfg = Debug|Any CPU
		{93C220D4-DA15-45A5-8348-AAE4DE9043F6}.Debug|Any CPU.Build.0 = Debug|Any CPU
		{93C220D4-DA15-45A5-8348-AAE4DE9043F6}.Release|Any CPU.ActiveCfg = Release|Any CPU
		{93C220D4-DA15-45A5-8348-AAE4DE9043F6}.Release|Any CPU.Build.0 = Release|Any CPU
		{2D634852-680E-4F38-B714-2F9D4BC5CC4D}.Debug|Any CPU.ActiveCfg = Debug|Any CPU
		{2D634852-680E-4F38-B714-2F9D4BC5CC4D}.Debug|Any CPU.Build.0 = Debug|Any CPU
		{2D634852-680E-4F38-B714-2F9D4BC5CC4D}.Release|Any CPU.ActiveCfg = Release|Any CPU
		{2D634852-680E-4F38-B714-2F9D4BC5CC4D}.Release|Any CPU.Build.0 = Release|Any CPU
		{1DAECC07-5207-4F58-9090-5140A04ABF82}.Debug|Any CPU.ActiveCfg = Debug|Any CPU
		{1DAECC07-5207-4F58-9090-5140A04ABF82}.Debug|Any CPU.Build.0 = Debug|Any CPU
		{1DAECC07-5207-4F58-9090-5140A04ABF82}.Release|Any CPU.ActiveCfg = Release|Any CPU
		{1DAECC07-5207-4F58-9090-5140A04ABF82}.Release|Any CPU.Build.0 = Release|Any CPU
	EndGlobalSection
	GlobalSection(SolutionProperties) = preSolution
		HideSolutionNode = FALSE
	EndGlobalSection
EndGlobal
